// !$*UTF8*$!
{
	archiveVersion = 1;
	classes = {
	};
	objectVersion = 50;
	objects = {

/* Begin PBXBuildFile section */
		7649DEE622B355A700A5CBC9 /* AppDelegate.swift in Sources */ = {isa = PBXBuildFile; fileRef = 7649DEE522B355A700A5CBC9 /* AppDelegate.swift */; };
		7649DEE822B355A700A5CBC9 /* ViewController.swift in Sources */ = {isa = PBXBuildFile; fileRef = 7649DEE722B355A700A5CBC9 /* ViewController.swift */; };
		7649DEEB22B355A700A5CBC9 /* Main.storyboard in Resources */ = {isa = PBXBuildFile; fileRef = 7649DEE922B355A700A5CBC9 /* Main.storyboard */; };
		7649DEED22B355A800A5CBC9 /* Assets.xcassets in Resources */ = {isa = PBXBuildFile; fileRef = 7649DEEC22B355A800A5CBC9 /* Assets.xcassets */; };
		7649DEF022B355A800A5CBC9 /* LaunchScreen.storyboard in Resources */ = {isa = PBXBuildFile; fileRef = 7649DEEE22B355A800A5CBC9 /* LaunchScreen.storyboard */; };
		76F717E922D3D39800E83DA8 /* RealEstateViewController.swift in Sources */ = {isa = PBXBuildFile; fileRef = 76F717E822D3D39800E83DA8 /* RealEstateViewController.swift */; };
/* End PBXBuildFile section */

/* Begin PBXFileReference section */
		7649DEE222B355A700A5CBC9 /* Random Stock Picker.app */ = {isa = PBXFileReference; explicitFileType = wrapper.application; includeInIndex = 0; path = "Random Stock Picker.app"; sourceTree = BUILT_PRODUCTS_DIR; };
		7649DEE522B355A700A5CBC9 /* AppDelegate.swift */ = {isa = PBXFileReference; lastKnownFileType = sourcecode.swift; path = AppDelegate.swift; sourceTree = "<group>"; };
		7649DEE722B355A700A5CBC9 /* ViewController.swift */ = {isa = PBXFileReference; lastKnownFileType = sourcecode.swift; path = ViewController.swift; sourceTree = "<group>"; };
		7649DEEA22B355A700A5CBC9 /* Base */ = {isa = PBXFileReference; lastKnownFileType = file.storyboard; name = Base; path = Base.lproj/Main.storyboard; sourceTree = "<group>"; };
		7649DEEC22B355A800A5CBC9 /* Assets.xcassets */ = {isa = PBXFileReference; lastKnownFileType = folder.assetcatalog; path = Assets.xcassets; sourceTree = "<group>"; };
		7649DEEF22B355A800A5CBC9 /* Base */ = {isa = PBXFileReference; lastKnownFileType = file.storyboard; name = Base; path = Base.lproj/LaunchScreen.storyboard; sourceTree = "<group>"; };
		7649DEF122B355A800A5CBC9 /* Info.plist */ = {isa = PBXFileReference; lastKnownFileType = text.plist.xml; path = Info.plist; sourceTree = "<group>"; };
		76F717E822D3D39800E83DA8 /* RealEstateViewController.swift */ = {isa = PBXFileReference; lastKnownFileType = sourcecode.swift; path = RealEstateViewController.swift; sourceTree = "<group>"; };
/* End PBXFileReference section */

/* Begin PBXFrameworksBuildPhase section */
		7649DEDF22B355A700A5CBC9 /* Frameworks */ = {
			isa = PBXFrameworksBuildPhase;
			buildActionMask = 2147483647;
			files = (
			);
			runOnlyForDeploymentPostprocessing = 0;
		};
/* End PBXFrameworksBuildPhase section */

/* Begin PBXGroup section */
		7649DED922B355A700A5CBC9 = {
			isa = PBXGroup;
			children = (
				7649DEE422B355A700A5CBC9 /* Random Stock Picker */,
				7649DEE322B355A700A5CBC9 /* Products */,
			);
			sourceTree = "<group>";
		};
		7649DEE322B355A700A5CBC9 /* Products */ = {
			isa = PBXGroup;
			children = (
				7649DEE222B355A700A5CBC9 /* Random Stock Picker.app */,
			);
			name = Products;
			sourceTree = "<group>";
		};
		7649DEE422B355A700A5CBC9 /* Random Stock Picker */ = {
			isa = PBXGroup;
			children = (
				7649DEE522B355A700A5CBC9 /* AppDelegate.swift */,
				76F717E822D3D39800E83DA8 /* RealEstateViewController.swift */,
				7649DEE722B355A700A5CBC9 /* ViewController.swift */,
				7649DEE922B355A700A5CBC9 /* Main.storyboard */,
				7649DEEC22B355A800A5CBC9 /* Assets.xcassets */,
				7649DEEE22B355A800A5CBC9 /* LaunchScreen.storyboard */,
				7649DEF122B355A800A5CBC9 /* Info.plist */,
			);
			path = "Random Stock Picker";
			sourceTree = "<group>";
		};
/* End PBXGroup section */

/* Begin PBXNativeTarget section */
		7649DEE122B355A700A5CBC9 /* Random Stock Picker */ = {
			isa = PBXNativeTarget;
			buildConfigurationList = 7649DEF422B355A800A5CBC9 /* Build configuration list for PBXNativeTarget "Random Stock Picker" */;
			buildPhases = (
				7649DEDE22B355A700A5CBC9 /* Sources */,
				7649DEDF22B355A700A5CBC9 /* Frameworks */,
				7649DEE022B355A700A5CBC9 /* Resources */,
			);
			buildRules = (
			);
			dependencies = (
			);
			name = "Random Stock Picker";
			productName = "Random Stock Picker";
			productReference = 7649DEE222B355A700A5CBC9 /* Random Stock Picker.app */;
			productType = "com.apple.product-type.application";
		};
/* End PBXNativeTarget section */

/* Begin PBXProject section */
		7649DEDA22B355A700A5CBC9 /* Project object */ = {
			isa = PBXProject;
			attributes = {
				LastSwiftUpdateCheck = 1020;
				LastUpgradeCheck = 1020;
				ORGANIZATIONNAME = "Sebastian Moreno";
				TargetAttributes = {
					7649DEE122B355A700A5CBC9 = {
						CreatedOnToolsVersion = 10.2.1;
					};
				};
			};
			buildConfigurationList = 7649DEDD22B355A700A5CBC9 /* Build configuration list for PBXProject "Random Stock Picker" */;
			compatibilityVersion = "Xcode 9.3";
			developmentRegion = en;
			hasScannedForEncodings = 0;
			knownRegions = (
				en,
				Base,
			);
			mainGroup = 7649DED922B355A700A5CBC9;
			productRefGroup = 7649DEE322B355A700A5CBC9 /* Products */;
			projectDirPath = "";
			projectRoot = "";
			targets = (
				7649DEE122B355A700A5CBC9 /* Random Stock Picker */,
			);
		};
/* End PBXProject section */

/* Begin PBXResourcesBuildPhase section */
		7649DEE022B355A700A5CBC9 /* Resources */ = {
			isa = PBXResourcesBuildPhase;
			buildActionMask = 2147483647;
			files = (
				7649DEF022B355A800A5CBC9 /* LaunchScreen.storyboard in Resources */,
				7649DEED22B355A800A5CBC9 /* Assets.xcassets in Resources */,
				7649DEEB22B355A700A5CBC9 /* Main.storyboard in Resources */,
			);
			runOnlyForDeploymentPostprocessing = 0;
		};
/* End PBXResourcesBuildPhase section */

/* Begin PBXSourcesBuildPhase section */
		7649DEDE22B355A700A5CBC9 /* Sources */ = {
			isa = PBXSourcesBuildPhase;
			buildActionMask = 2147483647;
			files = (
				7649DEE822B355A700A5CBC9 /* ViewController.swift in Sources */,
				7649DEE622B355A700A5CBC9 /* AppDelegate.swift in Sources */,
				76F717E922D3D39800E83DA8 /* RealEstateViewController.swift in Sources */,
			);
			runOnlyForDeploymentPostprocessing = 0;
		};
/* End PBXSourcesBuildPhase section */

/* Begin PBXVariantGroup section */
		7649DEE922B355A700A5CBC9 /* Main.storyboard */ = {
			isa = PBXVariantGroup;
			children = (
				7649DEEA22B355A700A5CBC9 /* Base */,
			);
			name = Main.storyboard;
			sourceTree = "<group>";
		};
		7649DEEE22B355A800A5CBC9 /* LaunchScreen.storyboard */ = {
			isa = PBXVariantGroup;
			children = (
				7649DEEF22B355A800A5CBC9 /* Base */,
			);
			name = LaunchScreen.storyboard;
			sourceTree = "<group>";
		};
/* End PBXVariantGroup section */

/* Begin XCBuildConfiguration section */
		7649DEF222B355A800A5CBC9 /* Debug */ = {
			isa = XCBuildConfiguration;
			buildSettings = {
				ALWAYS_SEARCH_USER_PATHS = NO;
				CLANG_ANALYZER_NONNULL = YES;
				CLANG_ANALYZER_NUMBER_OBJECT_CONVERSION = YES_AGGRESSIVE;
				CLANG_CXX_LANGUAGE_STANDARD = "gnu++14";
				CLANG_CXX_LIBRARY = "libc++";
				CLANG_ENABLE_MODULES = YES;
				CLANG_ENABLE_OBJC_ARC = YES;
				CLANG_ENABLE_OBJC_WEAK = YES;
				CLANG_WARN_BLOCK_CAPTURE_AUTORELEASING = YES;
				CLANG_WARN_BOOL_CONVERSION = YES;
				CLANG_WARN_COMMA = YES;
				CLANG_WARN_CONSTANT_CONVERSION = YES;
				CLANG_WARN_DEPRECATED_OBJC_IMPLEMENTATIONS = YES;
				CLANG_WARN_DIRECT_OBJC_ISA_USAGE = YES_ERROR;
				CLANG_WARN_DOCUMENTATION_COMMENTS = YES;
				CLANG_WARN_EMPTY_BODY = YES;
				CLANG_WARN_ENUM_CONVERSION = YES;
				CLANG_WARN_INFINITE_RECURSION = YES;
				CLANG_WARN_INT_CONVERSION = YES;
				CLANG_WARN_NON_LITERAL_NULL_CONVERSION = YES;
				CLANG_WARN_OBJC_IMPLICIT_RETAIN_SELF = YES;
				CLANG_WARN_OBJC_LITERAL_CONVERSION = YES;
				CLANG_WARN_OBJC_ROOT_CLASS = YES_ERROR;
				CLANG_WARN_RANGE_LOOP_ANALYSIS = YES;
				CLANG_WARN_STRICT_PROTOTYPES = YES;
				CLANG_WARN_SUSPICIOUS_MOVE = YES;
				CLANG_WARN_UNGUARDED_AVAILABILITY = YES_AGGRESSIVE;
				CLANG_WARN_UNREACHABLE_CODE = YES;
				CLANG_WARN__DUPLICATE_METHOD_MATCH = YES;
				CODE_SIGN_IDENTITY = "iPhone Developer";
				COPY_PHASE_STRIP = NO;
				DEBUG_INFORMATION_FORMAT = dwarf;
				ENABLE_STRICT_OBJC_MSGSEND = YES;
				ENABLE_TESTABILITY = YES;
				GCC_C_LANGUAGE_STANDARD = gnu11;
				GCC_DYNAMIC_NO_PIC = NO;
				GCC_NO_COMMON_BLOCKS = YES;
				GCC_OPTIMIZATION_LEVEL = 0;
				GCC_PREPROCESSOR_DEFINITIONS = (
					"DEBUG=1",
					"$(inherited)",
				);
				GCC_WARN_64_TO_32_BIT_CONVERSION = YES;
				GCC_WARN_ABOUT_RETURN_TYPE = YES_ERROR;
				GCC_WARN_UNDECLARED_SELECTOR = YES;
				GCC_WARN_UNINITIALIZED_AUTOS = YES_AGGRESSIVE;
				GCC_WARN_UNUSED_FUNCTION = YES;
				GCC_WARN_UNUSED_VARIABLE = YES;
				IPHONEOS_DEPLOYMENT_TARGET = 12.2;
				MTL_ENABLE_DEBUG_INFO = INCLUDE_SOURCE;
				MTL_FAST_MATH = YES;
				ONLY_ACTIVE_ARCH = YES;
				SDKROOT = iphoneos;
				SWIFT_ACTIVE_COMPILATION_CONDITIONS = DEBUG;
				SWIFT_OPTIMIZATION_LEVEL = "-Onone";
			};
			name = Debug;
		};
		7649DEF322B355A800A5CBC9 /* Release */ = {
			isa = XCBuildConfiguration;
			buildSettings = {
				ALWAYS_SEARCH_USER_PATHS = NO;
				CLANG_ANALYZER_NONNULL = YES;
				CLANG_ANALYZER_NUMBER_OBJECT_CONVERSION = YES_AGGRESSIVE;
				CLANG_CXX_LANGUAGE_STANDARD = "gnu++14";
				CLANG_CXX_LIBRARY = "libc++";
				CLANG_ENABLE_MODULES = YES;
				CLANG_ENABLE_OBJC_ARC = YES;
				CLANG_ENABLE_OBJC_WEAK = YES;
				CLANG_WARN_BLOCK_CAPTURE_AUTORELEASING = YES;
				CLANG_WARN_BOOL_CONVERSION = YES;
				CLANG_WARN_COMMA = YES;
				CLANG_WARN_CONSTANT_CONVERSION = YES;
				CLANG_WARN_DEPRECATED_OBJC_IMPLEMENTATIONS = YES;
				CLANG_WARN_DIRECT_OBJC_ISA_USAGE = YES_ERROR;
				CLANG_WARN_DOCUMENTATION_COMMENTS = YES;
				CLANG_WARN_EMPTY_BODY = YES;
				CLANG_WARN_ENUM_CONVERSION = YES;
				CLANG_WARN_INFINITE_RECURSION = YES;
				CLANG_WARN_INT_CONVERSION = YES;
				CLANG_WARN_NON_LITERAL_NULL_CONVERSION = YES;
				CLANG_WARN_OBJC_IMPLICIT_RETAIN_SELF = YES;
				CLANG_WARN_OBJC_LITERAL_CONVERSION = YES;
				CLANG_WARN_OBJC_ROOT_CLASS = YES_ERROR;
				CLANG_WARN_RANGE_LOOP_ANALYSIS = YES;
				CLANG_WARN_STRICT_PROTOTYPES = YES;
				CLANG_WARN_SUSPICIOUS_MOVE = YES;
				CLANG_WARN_UNGUARDED_AVAILABILITY = YES_AGGRESSIVE;
				CLANG_WARN_UNREACHABLE_CODE = YES;
				CLANG_WARN__DUPLICATE_METHOD_MATCH = YES;
				CODE_SIGN_IDENTITY = "iPhone Developer";
				COPY_PHASE_STRIP = NO;
				DEBUG_INFORMATION_FORMAT = "dwarf-with-dsym";
				ENABLE_NS_ASSERTIONS = NO;
				ENABLE_STRICT_OBJC_MSGSEND = YES;
				GCC_C_LANGUAGE_STANDARD = gnu11;
				GCC_NO_COMMON_BLOCKS = YES;
				GCC_WARN_64_TO_32_BIT_CONVERSION = YES;
				GCC_WARN_ABOUT_RETURN_TYPE = YES_ERROR;
				GCC_WARN_UNDECLARED_SELECTOR = YES;
				GCC_WARN_UNINITIALIZED_AUTOS = YES_AGGRESSIVE;
				GCC_WARN_UNUSED_FUNCTION = YES;
				GCC_WARN_UNUSED_VARIABLE = YES;
				IPHONEOS_DEPLOYMENT_TARGET = 12.2;
				MTL_ENABLE_DEBUG_INFO = NO;
				MTL_FAST_MATH = YES;
				SDKROOT = iphoneos;
				SWIFT_COMPILATION_MODE = wholemodule;
				SWIFT_OPTIMIZATION_LEVEL = "-O";
				VALIDATE_PRODUCT = YES;
			};
			name = Release;
		};
		7649DEF522B355A800A5CBC9 /* Debug */ = {
			isa = XCBuildConfiguration;
			buildSettings = {
				ASSETCATALOG_COMPILER_APPICON_NAME = AppIcon;
				CODE_SIGN_STYLE = Automatic;
				DEVELOPMENT_TEAM = 28QXJHMZDH;
				INFOPLIST_FILE = "Random Stock Picker/Info.plist";
				LD_RUNPATH_SEARCH_PATHS = (
					"$(inherited)",
					"@executable_path/Frameworks",
				);
				PRODUCT_BUNDLE_IDENTIFIER = "me.sebastianmoreno.Random-Stock-Picker";
				PRODUCT_NAME = "$(TARGET_NAME)";
				SWIFT_VERSION = 5.0;
				TARGETED_DEVICE_FAMILY = "1,2";
			};
			name = Debug;
		};
		7649DEF622B355A800A5CBC9 /* Release */ = {
			isa = XCBuildConfiguration;
			buildSettings = {
				ASSETCATALOG_COMPILER_APPICON_NAME = AppIcon;
				CODE_SIGN_STYLE = Automatic;
				DEVELOPMENT_TEAM = 28QXJHMZDH;
				INFOPLIST_FILE = "Random Stock Picker/Info.plist";
				LD_RUNPATH_SEARCH_PATHS = (
					"$(inherited)",
					"@executable_path/Frameworks",
				);
				PRODUCT_BUNDLE_IDENTIFIER = "me.sebastianmoreno.Random-Stock-Picker";
				PRODUCT_NAME = "$(TARGET_NAME)";
				SWIFT_VERSION = 5.0;
				TARGETED_DEVICE_FAMILY = "1,2";
			};
			name = Release;
		};
/* End XCBuildConfiguration section */

/* Begin XCConfigurationList section */
		7649DEDD22B355A700A5CBC9 /* Build configuration list for PBXProject "Random Stock Picker" */ = {
			isa = XCConfigurationList;
			buildConfigurations = (
				7649DEF222B355A800A5CBC9 /* Debug */,
				7649DEF322B355A800A5CBC9 /* Release */,
			);
			defaultConfigurationIsVisible = 0;
			defaultConfigurationName = Release;
		};
		7649DEF422B355A800A5CBC9 /* Build configuration list for PBXNativeTarget "Random Stock Picker" */ = {
			isa = XCConfigurationList;
			buildConfigurations = (
				7649DEF522B355A800A5CBC9 /* Debug */,
				7649DEF622B355A800A5CBC9 /* Release */,
			);
			defaultConfigurationIsVisible = 0;
			defaultConfigurationName = Release;
		};
/* End XCConfigurationList section */
	};
	rootObject = 7649DEDA22B355A700A5CBC9 /* Project object */;
}
